NeoBundleLock neobundle.vim 1306c131ff0a6cc094b7ff0727350e442b5427f1
NeoBundleLock vim-airline 193e3504408118687a4063d19d6245cc676281c8
NeoBundleLock vim-airline-themes e6f233231b232b6027cde6aebeeb18d9138e5324
NeoBundleLock vim-signature 6bc3dd1294a22e897f0dcf8dd72b85f350e306bc
NeoBundleLock vim-smooth-scroll 0eae2367c70c3415b97869346af1b5e30c123dff
